
Microsoft Visual Studio Solution File, Format Version 12.00
# Visual Studio Version 17
VisualStudioVersion = 17.7.34202.233
MinimumVisualStudioVersion = 10.0.40219.1
Project("{9A19103F-16F7-4668-BE54-9A1E7A4F7556}") = "CajeroAR", "CajeroAR.csproj", "{03337E5F-F2F0-46A2-A492-B600C3832CE1}"
EndProject
Project("{2150E333-8FDC-42A3-9474-1A3956D46DE8}") = "Elementos de la solución", "Elementos de la solución", "{A19D8AA7-216A-437F-B4EB-74EECD0F77A1}"
	ProjectSection(SolutionItems) = preProject
		.gitignore = .gitignore
		ColaCliente.cs = ColaCliente.cs
	EndProjectSection
EndProject
Global
	GlobalSection(SolutionConfigurationPlatforms) = preSolution
		Debug|Any CPU = Debug|Any CPU
		Release|Any CPU = Release|Any CPU
	EndGlobalSection
	GlobalSection(ProjectConfigurationPlatforms) = postSolution
		{03337E5F-F2F0-46A2-A492-B600C3832CE1}.Debug|Any CPU.ActiveCfg = Debug|Any CPU
		{03337E5F-F2F0-46A2-A492-B600C3832CE1}.Debug|Any CPU.Build.0 = Debug|Any CPU
		{03337E5F-F2F0-46A2-A492-B600C3832CE1}.Release|Any CPU.ActiveCfg = Release|Any CPU
		{03337E5F-F2F0-46A2-A492-B600C3832CE1}.Release|Any CPU.Build.0 = Release|Any CPU
	EndGlobalSection
	GlobalSection(SolutionProperties) = preSolution
		HideSolutionNode = FALSE
	EndGlobalSection
	GlobalSection(ExtensibilityGlobals) = postSolution
		SolutionGuid = {B88F3E81-ABC6-4B66-802B-16A39771FE12}
	EndGlobalSection
EndGlobal
